
Microsoft Visual Studio Solution File, Format Version 12.00
# Visual Studio Version 16
VisualStudioVersion = 16.0.32602.291
MinimumVisualStudioVersion = 10.0.40219.1
Project("{FAE04EC0-301F-11D3-BF4B-00C04F79EFBC}") = "RegistrationLogiinForm", "RegistrationLogiinForm.csproj", "{41B0222E-B372-41B1-8269-D289AE9F9F5F}"
EndProject
Global
	GlobalSection(SolutionConfigurationPlatforms) = preSolution
		Debug|Any CPU = Debug|Any CPU
		Release|Any CPU = Release|Any CPU
	EndGlobalSection
	GlobalSection(ProjectConfigurationPlatforms) = postSolution
		{41B0222E-B372-41B1-8269-D289AE9F9F5F}.Debug|Any CPU.ActiveCfg = Debug|Any CPU
		{41B0222E-B372-41B1-8269-D289AE9F9F5F}.Debug|Any CPU.Build.0 = Debug|Any CPU
		{41B0222E-B372-41B1-8269-D289AE9F9F5F}.Release|Any CPU.ActiveCfg = Release|Any CPU
		{41B0222E-B372-41B1-8269-D289AE9F9F5F}.Release|Any CPU.Build.0 = Release|Any CPU
	EndGlobalSection
	GlobalSection(SolutionProperties) = preSolution
		HideSolutionNode = FALSE
	EndGlobalSection
	GlobalSection(ExtensibilityGlobals) = postSolution
		SolutionGuid = {2C6BCE4F-AEFC-4F1E-9D0E-F64382D46147}
	EndGlobalSection
EndGlobal
